
Microsoft Visual Studio Solution File, Format Version 12.00
# Visual Studio Version 17
VisualStudioVersion = 17.5.33530.505
MinimumVisualStudioVersion = 10.0.40219.1
Project("{FAE04EC0-301F-11D3-BF4B-00C04F79EFBC}") = "Model", "Model\Model.csproj", "{A9210A99-7B78-4A2A-BC2A-0BF716553E5A}"
EndProject
Project("{FAE04EC0-301F-11D3-BF4B-00C04F79EFBC}") = "Services", "Services\Services.csproj", "{F5245343-2872-4D00-B4DA-817C4B83C1A2}"
EndProject
Project("{9A19103F-16F7-4668-BE54-9A1E7A4F7556}") = "Api", "Api\Api.csproj", "{A85BC31B-B257-4AA8-AEA6-D471E4E770D7}"
EndProject
Project("{FAE04EC0-301F-11D3-BF4B-00C04F79EFBC}") = "Repository", "Repository\Repository.csproj", "{958272FE-91C2-43AE-9296-D76ACED596FF}"
EndProject
Global
	GlobalSection(SolutionConfigurationPlatforms) = preSolution
		Debug|Any CPU = Debug|Any CPU
		Release|Any CPU = Release|Any CPU
	EndGlobalSection
	GlobalSection(ProjectConfigurationPlatforms) = postSolution
		{A9210A99-7B78-4A2A-BC2A-0BF716553E5A}.Debug|Any CPU.ActiveCfg = Debug|Any CPU
		{A9210A99-7B78-4A2A-BC2A-0BF716553E5A}.Debug|Any CPU.Build.0 = Debug|Any CPU
		{A9210A99-7B78-4A2A-BC2A-0BF716553E5A}.Release|Any CPU.ActiveCfg = Release|Any CPU
		{A9210A99-7B78-4A2A-BC2A-0BF716553E5A}.Release|Any CPU.Build.0 = Release|Any CPU
		{F5245343-2872-4D00-B4DA-817C4B83C1A2}.Debug|Any CPU.ActiveCfg = Debug|Any CPU
		{F5245343-2872-4D00-B4DA-817C4B83C1A2}.Debug|Any CPU.Build.0 = Debug|Any CPU
		{F5245343-2872-4D00-B4DA-817C4B83C1A2}.Release|Any CPU.ActiveCfg = Release|Any CPU
		{F5245343-2872-4D00-B4DA-817C4B83C1A2}.Release|Any CPU.Build.0 = Release|Any CPU
		{A85BC31B-B257-4AA8-AEA6-D471E4E770D7}.Debug|Any CPU.ActiveCfg = Debug|Any CPU
		{A85BC31B-B257-4AA8-AEA6-D471E4E770D7}.Debug|Any CPU.Build.0 = Debug|Any CPU
		{A85BC31B-B257-4AA8-AEA6-D471E4E770D7}.Release|Any CPU.ActiveCfg = Release|Any CPU
		{A85BC31B-B257-4AA8-AEA6-D471E4E770D7}.Release|Any CPU.Build.0 = Release|Any CPU
		{958272FE-91C2-43AE-9296-D76ACED596FF}.Debug|Any CPU.ActiveCfg = Debug|Any CPU
		{958272FE-91C2-43AE-9296-D76ACED596FF}.Debug|Any CPU.Build.0 = Debug|Any CPU
		{958272FE-91C2-43AE-9296-D76ACED596FF}.Release|Any CPU.ActiveCfg = Release|Any CPU
		{958272FE-91C2-43AE-9296-D76ACED596FF}.Release|Any CPU.Build.0 = Release|Any CPU
	EndGlobalSection
	GlobalSection(SolutionProperties) = preSolution
		HideSolutionNode = FALSE
	EndGlobalSection
	GlobalSection(ExtensibilityGlobals) = postSolution
		SolutionGuid = {1C32BEE9-DFD1-4CA2-B9B9-5F63749F278B}
	EndGlobalSection
EndGlobal
